dependencies:
- name: postgresql
  repository: https://charts.bitnami.com/bitnami
  version: 16.7.20
- name: openfga
  repository: https://openfga.github.io/helm-charts
  version: 0.2.38
digest: sha256:0076946bcda32e80c6fed2bd55e5ced1d03fb54766f4b33e392df9aed122955e
generated: "2025-07-27T15:15:59.630421+02:00"
