dependencies:
- name: postgresql
  repository: https://charts.bitnami.com/bitnami
  version: 16.7.20
- name: cloudflare-tunnel
  repository: file://../cloudflare-tunnel
  version: 0.1.0
digest: sha256:e5e0515608b9e640f4e515bd59b10d94ee75aeaf0d2226b55e27e69b501bee01
generated: "2025-07-23T18:11:29.038735+02:00"
