dependencies:
- name: postgresql
  repository: https://charts.bitnami.com/bitnami
  version: 16.7.20
- name: cloudflare-tunnel
  repository: file://../cloudflare-tunnel
  version: 0.1.0
- name: openfga
  repository: https://openfga.github.io/helm-charts
  version: 0.2.38
digest: sha256:b5b2483a3ab2670f9bfefb74b0b44cdc3f4465818308e9bb79643714ece7316f
generated: "2025-07-27T14:42:09.437977+02:00"
