dependencies:
- name: postgresql
  repository: https://charts.bitnami.com/bitnami
  version: 16.7.20
- name: cloudflare-tunnel
  repository: file://../cloudflare-tunnel
  version: 0.1.0
- name: minio
  repository: https://charts.bitnami.com/bitnami
  version: 17.0.15
digest: sha256:16c487419a379e95e5522c6c6f8bf48bf7b2368007b3b93eb8b63f5dd5f3486b
generated: "2025-07-25T15:46:03.882728+02:00"
